
Microsoft Visual Studio Solution File, Format Version 12.00
# Visual Studio Version 17
VisualStudioVersion = 17.9.34902.65
MinimumVisualStudioVersion = 10.0.40219.1
Project("{FAE04EC0-301F-11D3-BF4B-00C04F79EFBC}") = "PasswordHashingWithSalting", "PasswordHashingWithSalting\PasswordHashingWithSalting.csproj", "{19AB6045-47AD-49A4-A16F-D3DECF86A424}"
EndProject
Global
	GlobalSection(SolutionConfigurationPlatforms) = preSolution
		Debug|Any CPU = Debug|Any CPU
		Release|Any CPU = Release|Any CPU
	EndGlobalSection
	GlobalSection(ProjectConfigurationPlatforms) = postSolution
		{19AB6045-47AD-49A4-A16F-D3DECF86A424}.Debug|Any CPU.ActiveCfg = Debug|Any CPU
		{19AB6045-47AD-49A4-A16F-D3DECF86A424}.Debug|Any CPU.Build.0 = Debug|Any CPU
		{19AB6045-47AD-49A4-A16F-D3DECF86A424}.Release|Any CPU.ActiveCfg = Release|Any CPU
		{19AB6045-47AD-49A4-A16F-D3DECF86A424}.Release|Any CPU.Build.0 = Release|Any CPU
	EndGlobalSection
	GlobalSection(SolutionProperties) = preSolution
		HideSolutionNode = FALSE
	EndGlobalSection
	GlobalSection(ExtensibilityGlobals) = postSolution
		SolutionGuid = {E75AEE73-B54D-4CDB-AD4E-6DE6E72AFDD7}
	EndGlobalSection
EndGlobal
